// !$*UTF8*$!
{
	archiveVersion = 1;
	classes = {
	};
	objectVersion = 46;
	objects = {

/* Begin PBXBuildFile section */
		0309773A1EB92727000CF2FC /* SongCell.swift in Sources */ = {isa = PBXBuildFile; fileRef = 030977391EB92727000CF2FC /* SongCell.swift */; };
		032035DA1E9037FE00FD4BC8 /* Menu.swift in Sources */ = {isa = PBXBuildFile; fileRef = 032035D91E9037FE00FD4BC8 /* Menu.swift */; };
		032035DC1E9053CC00FD4BC8 /* NetLib.swift in Sources */ = {isa = PBXBuildFile; fileRef = 032035DB1E9053CC00FD4BC8 /* NetLib.swift */; };
		03336AAA1EC8B919005E89D1 /* Media.xcassets in Resources */ = {isa = PBXBuildFile; fileRef = 03336AA91EC8B919005E89D1 /* Media.xcassets */; };
		0378F4551EC8F3B10084E93E /* AVFoundation.framework in Frameworks */ = {isa = PBXBuildFile; fileRef = 0378F4531EC8F3B10084E93E /* AVFoundation.framework */; };
		0378F4561EC8F3B10084E93E /* AVKit.framework in Frameworks */ = {isa = PBXBuildFile; fileRef = 0378F4541EC8F3B10084E93E /* AVKit.framework */; };
		03B13E441E79F31C00D64F27 /* AppDelegate.swift in Sources */ = {isa = PBXBuildFile; fileRef = 03B13E431E79F31C00D64F27 /* AppDelegate.swift */; };
		03B13E461E79F31C00D64F27 /* ViewController.swift in Sources */ = {isa = PBXBuildFile; fileRef = 03B13E451E79F31C00D64F27 /* ViewController.swift */; };
		03B13E491E79F31C00D64F27 /* Main.storyboard in Resources */ = {isa = PBXBuildFile; fileRef = 03B13E471E79F31C00D64F27 /* Main.storyboard */; };
		03B13E4C1E79F31C00D64F27 /* MCache.xcdatamodeld in Sources */ = {isa = PBXBuildFile; fileRef = 03B13E4A1E79F31C00D64F27 /* MCache.xcdatamodeld */; };
		03B13E511E79F31C00D64F27 /* LaunchScreen.storyboard in Resources */ = {isa = PBXBuildFile; fileRef = 03B13E4F1E79F31C00D64F27 /* LaunchScreen.storyboard */; };
		03C21B5F1ECA61BC00A194B6 /* Playlist.swift in Sources */ = {isa = PBXBuildFile; fileRef = 03C21B5E1ECA61BC00A194B6 /* Playlist.swift */; };
		03FF9D7E1ECBC39B003791B5 /* Player.swift in Sources */ = {isa = PBXBuildFile; fileRef = 03FF9D7D1ECBC39B003791B5 /* Player.swift */; };
		03FF9D801ECBC71E003791B5 /* Global.swift in Sources */ = {isa = PBXBuildFile; fileRef = 03FF9D7F1ECBC71E003791B5 /* Global.swift */; };
		03FF9D821ECD2193003791B5 /* MediaPlayer.framework in Frameworks */ = {isa = PBXBuildFile; fileRef = 03FF9D811ECD2193003791B5 /* MediaPlayer.framework */; };
		788082C94F038E1F146C3635 /* Pods_MCache.framework in Frameworks */ = {isa = PBXBuildFile; fileRef = C3BC1C1713AE013CCABCC1B5 /* Pods_MCache.framework */; };
/* End PBXBuildFile section */

/* Begin PBXFileReference section */
		030977391EB92727000CF2FC /* SongCell.swift */ = {isa = PBXFileReference; fileEncoding = 4; lastKnownFileType = sourcecode.swift; path = SongCell.swift; sourceTree = "<group>"; };
		032035D91E9037FE00FD4BC8 /* Menu.swift */ = {isa = PBXFileReference; fileEncoding = 4; lastKnownFileType = sourcecode.swift; path = Menu.swift; sourceTree = "<group>"; };
		032035DB1E9053CC00FD4BC8 /* NetLib.swift */ = {isa = PBXFileReference; fileEncoding = 4; lastKnownFileType = sourcecode.swift; path = NetLib.swift; sourceTree = "<group>"; };
		03336AA91EC8B919005E89D1 /* Media.xcassets */ = {isa = PBXFileReference; lastKnownFileType = folder.assetcatalog; name = Media.xcassets; path = ../Media.xcassets; sourceTree = "<group>"; };
		0378F4531EC8F3B10084E93E /* AVFoundation.framework */ = {isa = PBXFileReference; lastKnownFileType = wrapper.framework; name = AVFoundation.framework; path = System/Library/Frameworks/AVFoundation.framework; sourceTree = SDKROOT; };
		0378F4541EC8F3B10084E93E /* AVKit.framework */ = {isa = PBXFileReference; lastKnownFileType = wrapper.framework; name = AVKit.framework; path = System/Library/Frameworks/AVKit.framework; sourceTree = SDKROOT; };
		03B13E401E79F31C00D64F27 /* MCache.app */ = {isa = PBXFileReference; explicitFileType = wrapper.application; includeInIndex = 0; path = MCache.app; sourceTree = BUILT_PRODUCTS_DIR; };
		03B13E431E79F31C00D64F27 /* AppDelegate.swift */ = {isa = PBXFileReference; lastKnownFileType = sourcecode.swift; path = AppDelegate.swift; sourceTree = "<group>"; };
		03B13E451E79F31C00D64F27 /* ViewController.swift */ = {isa = PBXFileReference; lastKnownFileType = sourcecode.swift; path = ViewController.swift; sourceTree = "<group>"; };
		03B13E481E79F31C00D64F27 /* Base */ = {isa = PBXFileReference; lastKnownFileType = file.storyboard; name = Base; path = Base.lproj/Main.storyboard; sourceTree = "<group>"; };
		03B13E4B1E79F31C00D64F27 /* MCache.xcdatamodel */ = {isa = PBXFileReference; lastKnownFileType = wrapper.xcdatamodel; path = MCache.xcdatamodel; sourceTree = "<group>"; };
		03B13E501E79F31C00D64F27 /* Base */ = {isa = PBXFileReference; lastKnownFileType = file.storyboard; name = Base; path = Base.lproj/LaunchScreen.storyboard; sourceTree = "<group>"; };
		03B13E521E79F31C00D64F27 /* Info.plist */ = {isa = PBXFileReference; lastKnownFileType = text.plist.xml; path = Info.plist; sourceTree = "<group>"; };
		03C21B5E1ECA61BC00A194B6 /* Playlist.swift */ = {isa = PBXFileReference; fileEncoding = 4; lastKnownFileType = sourcecode.swift; path = Playlist.swift; sourceTree = "<group>"; };
		03FF9D7D1ECBC39B003791B5 /* Player.swift */ = {isa = PBXFileReference; fileEncoding = 4; lastKnownFileType = sourcecode.swift; path = Player.swift; sourceTree = "<group>"; };
		03FF9D7F1ECBC71E003791B5 /* Global.swift */ = {isa = PBXFileReference; fileEncoding = 4; lastKnownFileType = sourcecode.swift; path = Global.swift; sourceTree = "<group>"; };
		03FF9D811ECD2193003791B5 /* MediaPlayer.framework */ = {isa = PBXFileReference; lastKnownFileType = wrapper.framework; name = MediaPlayer.framework; path = System/Library/Frameworks/MediaPlayer.framework; sourceTree = SDKROOT; };
		08B20C9AE0BC0532FFEB3CE8 /* Pods-MCache.debug.xcconfig */ = {isa = PBXFileReference; includeInIndex = 1; lastKnownFileType = text.xcconfig; name = "Pods-MCache.debug.xcconfig"; path = "Pods/Target Support Files/Pods-MCache/Pods-MCache.debug.xcconfig"; sourceTree = "<group>"; };
		8FB52571495037982F63B76C /* Pods-MCache.release.xcconfig */ = {isa = PBXFileReference; includeInIndex = 1; lastKnownFileType = text.xcconfig; name = "Pods-MCache.release.xcconfig"; path = "Pods/Target Support Files/Pods-MCache/Pods-MCache.release.xcconfig"; sourceTree = "<group>"; };
		C3BC1C1713AE013CCABCC1B5 /* Pods_MCache.framework */ = {isa = PBXFileReference; explicitFileType = wrapper.framework; includeInIndex = 0; path = Pods_MCache.framework; sourceTree = BUILT_PRODUCTS_DIR; };
/* End PBXFileReference section */

/* Begin PBXFrameworksBuildPhase section */
		03B13E3D1E79F31C00D64F27 /* Frameworks */ = {
			isa = PBXFrameworksBuildPhase;
			buildActionMask = 2147483647;
			files = (
				03FF9D821ECD2193003791B5 /* MediaPlayer.framework in Frameworks */,
				0378F4551EC8F3B10084E93E /* AVFoundation.framework in Frameworks */,
				0378F4561EC8F3B10084E93E /* AVKit.framework in Frameworks */,
				788082C94F038E1F146C3635 /* Pods_MCache.framework in Frameworks */,
			);
			runOnlyForDeploymentPostprocessing = 0;
		};
/* End PBXFrameworksBuildPhase section */

/* Begin PBXGroup section */
		03B13E371E79F31C00D64F27 = {
			isa = PBXGroup;
			children = (
				03B13E421E79F31C00D64F27 /* MCache */,
				03B13E411E79F31C00D64F27 /* Products */,
				E84599DF24EAE5AE925CB026 /* Pods */,
				4367A5187E55EBA628A48E77 /* Frameworks */,
			);
			sourceTree = "<group>";
		};
		03B13E411E79F31C00D64F27 /* Products */ = {
			isa = PBXGroup;
			children = (
				03B13E401E79F31C00D64F27 /* MCache.app */,
			);
			name = Products;
			sourceTree = "<group>";
		};
		03B13E421E79F31C00D64F27 /* MCache */ = {
			isa = PBXGroup;
			children = (
				03B13E431E79F31C00D64F27 /* AppDelegate.swift */,
				03B13E451E79F31C00D64F27 /* ViewController.swift */,
				03B13E471E79F31C00D64F27 /* Main.storyboard */,
				032035D91E9037FE00FD4BC8 /* Menu.swift */,
				030977391EB92727000CF2FC /* SongCell.swift */,
				03FF9D7F1ECBC71E003791B5 /* Global.swift */,
				032035DB1E9053CC00FD4BC8 /* NetLib.swift */,
				03C21B5E1ECA61BC00A194B6 /* Playlist.swift */,
				03FF9D7D1ECBC39B003791B5 /* Player.swift */,
				03B13E4F1E79F31C00D64F27 /* LaunchScreen.storyboard */,
				03B13E521E79F31C00D64F27 /* Info.plist */,
				03B13E4A1E79F31C00D64F27 /* MCache.xcdatamodeld */,
				03336AA91EC8B919005E89D1 /* Media.xcassets */,
			);
			path = MCache;
			sourceTree = "<group>";
		};
		4367A5187E55EBA628A48E77 /* Frameworks */ = {
			isa = PBXGroup;
			children = (
				03FF9D811ECD2193003791B5 /* MediaPlayer.framework */,
				0378F4531EC8F3B10084E93E /* AVFoundation.framework */,
				0378F4541EC8F3B10084E93E /* AVKit.framework */,
				C3BC1C1713AE013CCABCC1B5 /* Pods_MCache.framework */,
			);
			name = Frameworks;
			sourceTree = "<group>";
		};
		E84599DF24EAE5AE925CB026 /* Pods */ = {
			isa = PBXGroup;
			children = (
				08B20C9AE0BC0532FFEB3CE8 /* Pods-MCache.debug.xcconfig */,
				8FB52571495037982F63B76C /* Pods-MCache.release.xcconfig */,
			);
			name = Pods;
			sourceTree = "<group>";
		};
/* End PBXGroup section */

/* Begin PBXNativeTarget section */
		03B13E3F1E79F31C00D64F27 /* MCache */ = {
			isa = PBXNativeTarget;
			buildConfigurationList = 03B13E551E79F31C00D64F27 /* Build configuration list for PBXNativeTarget "MCache" */;
			buildPhases = (
				1FE14A18364CB2A5A1D21737 /* [CP] Check Pods Manifest.lock */,
				03B13E3C1E79F31C00D64F27 /* Sources */,
				03B13E3D1E79F31C00D64F27 /* Frameworks */,
				03B13E3E1E79F31C00D64F27 /* Resources */,
				CF52D2E32F440EABF8463761 /* [CP] Embed Pods Frameworks */,
				299686E66E4853C4F640B075 /* [CP] Copy Pods Resources */,
			);
			buildRules = (
			);
			dependencies = (
			);
			name = MCache;
			productName = MCache;
			productReference = 03B13E401E79F31C00D64F27 /* MCache.app */;
			productType = "com.apple.product-type.application";
		};
/* End PBXNativeTarget section */

/* Begin PBXProject section */
		03B13E381E79F31C00D64F27 /* Project object */ = {
			isa = PBXProject;
			attributes = {
				LastSwiftUpdateCheck = 0820;
				LastUpgradeCheck = 0820;
				ORGANIZATIONNAME = SwiftEnjoy;
				TargetAttributes = {
					03B13E3F1E79F31C00D64F27 = {
						CreatedOnToolsVersion = 8.2.1;
						DevelopmentTeam = MRZ685B5FD;
						ProvisioningStyle = Automatic;
						SystemCapabilities = {
							com.apple.BackgroundModes = {
								enabled = 1;
							};
						};
					};
				};
			};
			buildConfigurationList = 03B13E3B1E79F31C00D64F27 /* Build configuration list for PBXProject "MCache" */;
			compatibilityVersion = "Xcode 3.2";
			developmentRegion = English;
			hasScannedForEncodings = 0;
			knownRegions = (
				en,
				Base,
			);
			mainGroup = 03B13E371E79F31C00D64F27;
			productRefGroup = 03B13E411E79F31C00D64F27 /* Products */;
			projectDirPath = "";
			projectRoot = "";
			targets = (
				03B13E3F1E79F31C00D64F27 /* MCache */,
			);
		};
/* End PBXProject section */

/* Begin PBXResourcesBuildPhase section */
		03B13E3E1E79F31C00D64F27 /* Resources */ = {
			isa = PBXResourcesBuildPhase;
			buildActionMask = 2147483647;
			files = (
				03B13E511E79F31C00D64F27 /* LaunchScreen.storyboard in Resources */,
				03336AAA1EC8B919005E89D1 /* Media.xcassets in Resources */,
				03B13E491E79F31C00D64F27 /* Main.storyboard in Resources */,
			);
			runOnlyForDeploymentPostprocessing = 0;
		};
/* End PBXResourcesBuildPhase section */

/* Begin PBXShellScriptBuildPhase section */
		1FE14A18364CB2A5A1D21737 /* [CP] Check Pods Manifest.lock */ = {
			isa = PBXShellScriptBuildPhase;
			buildActionMask = 2147483647;
			files = (
			);
			inputPaths = (
			);
			name = "[CP] Check Pods Manifest.lock";
			outputPaths = (
			);
			runOnlyForDeploymentPostprocessing = 0;
			shellPath = /bin/sh;
			shellScript = "diff \"${PODS_ROOT}/../Podfile.lock\" \"${PODS_ROOT}/Manifest.lock\" > /dev/null\nif [ $? != 0 ] ; then\n    # print error to STDERR\n    echo \"error: The sandbox is not in sync with the Podfile.lock. Run 'pod install' or update your CocoaPods installation.\" >&2\n    exit 1\nfi\n";
			showEnvVarsInLog = 0;
		};
		299686E66E4853C4F640B075 /* [CP] Copy Pods Resources */ = {
			isa = PBXShellScriptBuildPhase;
			buildActionMask = 2147483647;
			files = (
			);
			inputPaths = (
			);
			name = "[CP] Copy Pods Resources";
			outputPaths = (
			);
			runOnlyForDeploymentPostprocessing = 0;
			shellPath = /bin/sh;
			shellScript = "\"${SRCROOT}/Pods/Target Support Files/Pods-MCache/Pods-MCache-resources.sh\"\n";
			showEnvVarsInLog = 0;
		};
		CF52D2E32F440EABF8463761 /* [CP] Embed Pods Frameworks */ = {
			isa = PBXShellScriptBuildPhase;
			buildActionMask = 2147483647;
			files = (
			);
			inputPaths = (
			);
			name = "[CP] Embed Pods Frameworks";
			outputPaths = (
			);
			runOnlyForDeploymentPostprocessing = 0;
			shellPath = /bin/sh;
			shellScript = "\"${SRCROOT}/Pods/Target Support Files/Pods-MCache/Pods-MCache-frameworks.sh\"\n";
			showEnvVarsInLog = 0;
		};
/* End PBXShellScriptBuildPhase section */

/* Begin PBXSourcesBuildPhase section */
		03B13E3C1E79F31C00D64F27 /* Sources */ = {
			isa = PBXSourcesBuildPhase;
			buildActionMask = 2147483647;
			files = (
				03B13E4C1E79F31C00D64F27 /* MCache.xcdatamodeld in Sources */,
				03B13E461E79F31C00D64F27 /* ViewController.swift in Sources */,
				032035DA1E9037FE00FD4BC8 /* Menu.swift in Sources */,
				03C21B5F1ECA61BC00A194B6 /* Playlist.swift in Sources */,
				03FF9D7E1ECBC39B003791B5 /* Player.swift in Sources */,
				03B13E441E79F31C00D64F27 /* AppDelegate.swift in Sources */,
				0309773A1EB92727000CF2FC /* SongCell.swift in Sources */,
				032035DC1E9053CC00FD4BC8 /* NetLib.swift in Sources */,
				03FF9D801ECBC71E003791B5 /* Global.swift in Sources */,
			);
			runOnlyForDeploymentPostprocessing = 0;
		};
/* End PBXSourcesBuildPhase section */

/* Begin PBXVariantGroup section */
		03B13E471E79F31C00D64F27 /* Main.storyboard */ = {
			isa = PBXVariantGroup;
			children = (
				03B13E481E79F31C00D64F27 /* Base */,
			);
			name = Main.storyboard;
			sourceTree = "<group>";
		};
		03B13E4F1E79F31C00D64F27 /* LaunchScreen.storyboard */ = {
			isa = PBXVariantGroup;
			children = (
				03B13E501E79F31C00D64F27 /* Base */,
			);
			name = LaunchScreen.storyboard;
			sourceTree = "<group>";
		};
/* End PBXVariantGroup section */

/* Begin XCBuildConfiguration section */
		03B13E531E79F31C00D64F27 /* Debug */ = {
			isa = XCBuildConfiguration;
			buildSettings = {
				ALWAYS_SEARCH_USER_PATHS = NO;
				CLANG_ANALYZER_NONNULL = YES;
				CLANG_CXX_LANGUAGE_STANDARD = "gnu++0x";
				CLANG_CXX_LIBRARY = "libc++";
				CLANG_ENABLE_MODULES = YES;
				CLANG_ENABLE_OBJC_ARC = YES;
				CLANG_WARN_BOOL_CONVERSION = YES;
				CLANG_WARN_CONSTANT_CONVERSION = YES;
				CLANG_WARN_DIRECT_OBJC_ISA_USAGE = YES_ERROR;
				CLANG_WARN_DOCUMENTATION_COMMENTS = YES;
				CLANG_WARN_EMPTY_BODY = YES;
				CLANG_WARN_ENUM_CONVERSION = YES;
				CLANG_WARN_INFINITE_RECURSION = YES;
				CLANG_WARN_INT_CONVERSION = YES;
				CLANG_WARN_OBJC_ROOT_CLASS = YES_ERROR;
				CLANG_WARN_SUSPICIOUS_MOVE = YES;
				CLANG_WARN_UNREACHABLE_CODE = YES;
				CLANG_WARN__DUPLICATE_METHOD_MATCH = YES;
				"CODE_SIGN_IDENTITY[sdk=iphoneos*]" = "iPhone Developer";
				COPY_PHASE_STRIP = NO;
				DEBUG_INFORMATION_FORMAT = dwarf;
				ENABLE_STRICT_OBJC_MSGSEND = YES;
				ENABLE_TESTABILITY = YES;
				GCC_C_LANGUAGE_STANDARD = gnu99;
				GCC_DYNAMIC_NO_PIC = NO;
				GCC_NO_COMMON_BLOCKS = YES;
				GCC_OPTIMIZATION_LEVEL = 0;
				GCC_PREPROCESSOR_DEFINITIONS = (
					"DEBUG=1",
					"$(inherited)",
				);
				GCC_WARN_64_TO_32_BIT_CONVERSION = YES;
				GCC_WARN_ABOUT_RETURN_TYPE = YES_ERROR;
				GCC_WARN_UNDECLARED_SELECTOR = YES;
				GCC_WARN_UNINITIALIZED_AUTOS = YES_AGGRESSIVE;
				GCC_WARN_UNUSED_FUNCTION = YES;
				GCC_WARN_UNUSED_VARIABLE = YES;
				IPHONEOS_DEPLOYMENT_TARGET = 10.2;
				MTL_ENABLE_DEBUG_INFO = YES;
				ONLY_ACTIVE_ARCH = YES;
				SDKROOT = iphoneos;
				SWIFT_ACTIVE_COMPILATION_CONDITIONS = DEBUG;
				SWIFT_OPTIMIZATION_LEVEL = "-Onone";
			};
			name = Debug;
		};
		03B13E541E79F31C00D64F27 /* Release */ = {
			isa = XCBuildConfiguration;
			buildSettings = {
				ALWAYS_SEARCH_USER_PATHS = NO;
				CLANG_ANALYZER_NONNULL = YES;
				CLANG_CXX_LANGUAGE_STANDARD = "gnu++0x";
				CLANG_CXX_LIBRARY = "libc++";
				CLANG_ENABLE_MODULES = YES;
				CLANG_ENABLE_OBJC_ARC = YES;
				CLANG_WARN_BOOL_CONVERSION = YES;
				CLANG_WARN_CONSTANT_CONVERSION = YES;
				CLANG_WARN_DIRECT_OBJC_ISA_USAGE = YES_ERROR;
				CLANG_WARN_DOCUMENTATION_COMMENTS = YES;
				CLANG_WARN_EMPTY_BODY = YES;
				CLANG_WARN_ENUM_CONVERSION = YES;
				CLANG_WARN_INFINITE_RECURSION = YES;
				CLANG_WARN_INT_CONVERSION = YES;
				CLANG_WARN_OBJC_ROOT_CLASS = YES_ERROR;
				CLANG_WARN_SUSPICIOUS_MOVE = YES;
				CLANG_WARN_UNREACHABLE_CODE = YES;
				CLANG_WARN__DUPLICATE_METHOD_MATCH = YES;
				"CODE_SIGN_IDENTITY[sdk=iphoneos*]" = "iPhone Developer";
				COPY_PHASE_STRIP = NO;
				DEBUG_INFORMATION_FORMAT = "dwarf-with-dsym";
				ENABLE_NS_ASSERTIONS = NO;
				ENABLE_STRICT_OBJC_MSGSEND = YES;
				GCC_C_LANGUAGE_STANDARD = gnu99;
				GCC_NO_COMMON_BLOCKS = YES;
				GCC_WARN_64_TO_32_BIT_CONVERSION = YES;
				GCC_WARN_ABOUT_RETURN_TYPE = YES_ERROR;
				GCC_WARN_UNDECLARED_SELECTOR = YES;
				GCC_WARN_UNINITIALIZED_AUTOS = YES_AGGRESSIVE;
				GCC_WARN_UNUSED_FUNCTION = YES;
				GCC_WARN_UNUSED_VARIABLE = YES;
				IPHONEOS_DEPLOYMENT_TARGET = 10.2;
				MTL_ENABLE_DEBUG_INFO = NO;
				SDKROOT = iphoneos;
				SWIFT_OPTIMIZATION_LEVEL = "-Owholemodule";
				VALIDATE_PRODUCT = YES;
			};
			name = Release;
		};
		03B13E561E79F31C00D64F27 /* Debug */ = {
			isa = XCBuildConfiguration;
			baseConfigurationReference = 08B20C9AE0BC0532FFEB3CE8 /* Pods-MCache.debug.xcconfig */;
			buildSettings = {
				ASSETCATALOG_COMPILER_APPICON_NAME = AppIcon;
				DEVELOPMENT_TEAM = MRZ685B5FD;
				INFOPLIST_FILE = MCache/Info.plist;
				IPHONEOS_DEPLOYMENT_TARGET = 10.0;
				LD_RUNPATH_SEARCH_PATHS = "$(inherited) @executable_path/Frameworks";
				PRODUCT_BUNDLE_IDENTIFIER = "-11555.MCache";
				PRODUCT_NAME = "$(TARGET_NAME)";
				SWIFT_VERSION = 3.0;
			};
			name = Debug;
		};
		03B13E571E79F31C00D64F27 /* Release */ = {
			isa = XCBuildConfiguration;
			baseConfigurationReference = 8FB52571495037982F63B76C /* Pods-MCache.release.xcconfig */;
			buildSettings = {
				ASSETCATALOG_COMPILER_APPICON_NAME = AppIcon;
				DEVELOPMENT_TEAM = MRZ685B5FD;
				INFOPLIST_FILE = MCache/Info.plist;
				IPHONEOS_DEPLOYMENT_TARGET = 10.0;
				LD_RUNPATH_SEARCH_PATHS = "$(inherited) @executable_path/Frameworks";
				PRODUCT_BUNDLE_IDENTIFIER = "-11555.MCache";
				PRODUCT_NAME = "$(TARGET_NAME)";
				SWIFT_VERSION = 3.0;
			};
			name = Release;
		};
/* End XCBuildConfiguration section */

/* Begin XCConfigurationList section */
		03B13E3B1E79F31C00D64F27 /* Build configuration list for PBXProject "MCache" */ = {
			isa = XCConfigurationList;
			buildConfigurations = (
				03B13E531E79F31C00D64F27 /* Debug */,
				03B13E541E79F31C00D64F27 /* Release */,
			);
			defaultConfigurationIsVisible = 0;
			defaultConfigurationName = Release;
		};
		03B13E551E79F31C00D64F27 /* Build configuration list for PBXNativeTarget "MCache" */ = {
			isa = XCConfigurationList;
			buildConfigurations = (
				03B13E561E79F31C00D64F27 /* Debug */,
				03B13E571E79F31C00D64F27 /* Release */,
			);
			defaultConfigurationIsVisible = 0;
			defaultConfigurationName = Release;
		};
/* End XCConfigurationList section */

/* Begin XCVersionGroup section */
		03B13E4A1E79F31C00D64F27 /* MCache.xcdatamodeld */ = {
			isa = XCVersionGroup;
			children = (
				03B13E4B1E79F31C00D64F27 /* MCache.xcdatamodel */,
			);
			currentVersion = 03B13E4B1E79F31C00D64F27 /* MCache.xcdatamodel */;
			path = MCache.xcdatamodeld;
			sourceTree = "<group>";
			versionGroupType = wrapper.xcdatamodel;
		};
/* End XCVersionGroup section */
	};
	rootObject = 03B13E381E79F31C00D64F27 /* Project object */;
}
